
Microsoft Visual Studio Solution File, Format Version 12.00
# Visual Studio Version 17
VisualStudioVersion = 17.5.002.0
MinimumVisualStudioVersion = 10.0.40219.1
Project("{2150E333-8FDC-42A3-9474-1A3956D46DE8}") = "Start", "Start", "{BDCBC069-5E4B-4A08-89BD-EBC3C92E6609}"
EndProject
Project("{2150E333-8FDC-42A3-9474-1A3956D46DE8}") = "Files", "Files", "{E0E43F1D-64ED-40E4-A224-2417573C7D5D}"
EndProject
Project("{9A19103F-16F7-4668-BE54-9A1E7A4F7556}") = "CreateFiles", "Start\Files\CreateFiles\CreateFiles.csproj", "{2FB74527-D28E-467D-AB07-9DA4B79A83A7}"
EndProject
Project("{9A19103F-16F7-4668-BE54-9A1E7A4F7556}") = "Directories", "Start\Files\Directories\Directories.csproj", "{AF5CAA0A-732B-450B-8B30-6C5DD27BBE55}"
EndProject
Project("{9A19103F-16F7-4668-BE54-9A1E7A4F7556}") = "FileInfo", "Start\Files\FileInfo\FileInfo.csproj", "{9067C813-0F1F-4285-ACE1-A87F6B60B439}"
EndProject
Project("{9A19103F-16F7-4668-BE54-9A1E7A4F7556}") = "ReadWriteFiles", "Start\Files\ReadWriteFiles\ReadWriteFiles.csproj", "{14BFD9E7-7CCC-4F1A-82BD-B632E44DB11C}"
EndProject
Project("{2150E333-8FDC-42A3-9474-1A3956D46DE8}") = "NumbersDates", "NumbersDates", "{C60F5006-09F5-4BAB-BAF0-2BDF6FE843F3}"
EndProject
Project("{9A19103F-16F7-4668-BE54-9A1E7A4F7556}") = "DateTimeClass", "Start\NumbersDates\DateTimeClass\DateTimeClass.csproj", "{F1542F8D-38DE-49E0-A69C-BE80C07BF978}"
EndProject
Project("{9A19103F-16F7-4668-BE54-9A1E7A4F7556}") = "FormatDates", "Start\NumbersDates\FormatDates\FormatDates.csproj", "{5B94EF9A-9B0A-4F7F-9AC3-003ACA3E1C8B}"
EndProject
Project("{9A19103F-16F7-4668-BE54-9A1E7A4F7556}") = "FormatNumbers", "Start\NumbersDates\FormatNumbers\FormatNumbers.csproj", "{5ADC32DC-C4E6-475E-900E-80ED406A812B}"
EndProject
Project("{9A19103F-16F7-4668-BE54-9A1E7A4F7556}") = "ParseDates", "Start\NumbersDates\ParseDates\ParseDates.csproj", "{8CE37418-8760-4A24-BE68-7CCDCA897D87}"
EndProject
Project("{9A19103F-16F7-4668-BE54-9A1E7A4F7556}") = "ParseNumbers", "Start\NumbersDates\ParseNumbers\ParseNumbers.csproj", "{96283FCD-C93A-4195-B5A9-1FF290D864D4}"
EndProject
Project("{2150E333-8FDC-42A3-9474-1A3956D46DE8}") = "Overview", "Overview", "{F3DA2818-C14C-4D32-AD42-846922031B88}"
EndProject
Project("{9A19103F-16F7-4668-BE54-9A1E7A4F7556}") = "DataTypes", "Start\Overview\DataTypes\DataTypes.csproj", "{A56E8DB8-0872-49CB-AAFD-A23968C398DE}"
EndProject
Project("{9A19103F-16F7-4668-BE54-9A1E7A4F7556}") = "GarbageCollect", "Start\Overview\GarbageCollect\GarbageCollect.csproj", "{707A6892-C75F-482C-A9DC-5B89008737A3}"
EndProject
Project("{9A19103F-16F7-4668-BE54-9A1E7A4F7556}") = "MyConsoleApp", "Start\Overview\MyConsoleApp\MyConsoleApp.csproj", "{D4919FC9-84EF-4DB7-81B2-53521821B3C3}"
EndProject
Project("{2150E333-8FDC-42A3-9474-1A3956D46DE8}") = "Regex", "Regex", "{82010943-A646-46B7-958F-2919FE0CCA68}"
EndProject
Project("{9A19103F-16F7-4668-BE54-9A1E7A4F7556}") = "Finding", "Start\Regex\Finding\Finding.csproj", "{9DF4B4D5-9306-4787-AACD-B8A318C788BB}"
EndProject
Project("{9A19103F-16F7-4668-BE54-9A1E7A4F7556}") = "Replacing", "Start\Regex\Replacing\Replacing.csproj", "{D1A6A2D7-B65B-4F01-BACE-9E8B5A11F949}"
EndProject
Project("{9A19103F-16F7-4668-BE54-9A1E7A4F7556}") = "RegexTimeouts", "Start\Regex\Timeouts\RegexTimeouts.csproj", "{988896AE-1760-41AE-8DF7-C9336E428A4B}"
EndProject
Project("{2150E333-8FDC-42A3-9474-1A3956D46DE8}") = "Strings", "Strings", "{5E9AB65E-AFA0-4482-AB99-4DC3681BAC61}"
EndProject
Project("{9A19103F-16F7-4668-BE54-9A1E7A4F7556}") = "Formatting", "Start\Strings\Formatting\Formatting.csproj", "{98F94531-2517-4084-B2A8-9402251D5413}"
EndProject
Project("{9A19103F-16F7-4668-BE54-9A1E7A4F7556}") = "Interpolation", "Start\Strings\Interpolation\Interpolation.csproj", "{130D0617-F339-41DD-AF57-E014C8D6A978}"
EndProject
Project("{9A19103F-16F7-4668-BE54-9A1E7A4F7556}") = "Manipulation", "Start\Strings\Manipulation\Manipulation.csproj", "{6216E646-96F6-4DBB-8794-2DBB889C17DC}"
EndProject
Project("{9A19103F-16F7-4668-BE54-9A1E7A4F7556}") = "Searching", "Start\Strings\Searching\Searching.csproj", "{AF36548D-F5AD-46BF-8B69-C9F7C46D03DC}"
EndProject
Global
	GlobalSection(SolutionConfigurationPlatforms) = preSolution
		Debug|Any CPU = Debug|Any CPU
		Release|Any CPU = Release|Any CPU
	EndGlobalSection
	GlobalSection(ProjectConfigurationPlatforms) = postSolution
		{2FB74527-D28E-467D-AB07-9DA4B79A83A7}.Debug|Any CPU.ActiveCfg = Debug|Any CPU
		{2FB74527-D28E-467D-AB07-9DA4B79A83A7}.Debug|Any CPU.Build.0 = Debug|Any CPU
		{2FB74527-D28E-467D-AB07-9DA4B79A83A7}.Release|Any CPU.ActiveCfg = Release|Any CPU
		{2FB74527-D28E-467D-AB07-9DA4B79A83A7}.Release|Any CPU.Build.0 = Release|Any CPU
		{AF5CAA0A-732B-450B-8B30-6C5DD27BBE55}.Debug|Any CPU.ActiveCfg = Debug|Any CPU
		{AF5CAA0A-732B-450B-8B30-6C5DD27BBE55}.Debug|Any CPU.Build.0 = Debug|Any CPU
		{AF5CAA0A-732B-450B-8B30-6C5DD27BBE55}.Release|Any CPU.ActiveCfg = Release|Any CPU
		{AF5CAA0A-732B-450B-8B30-6C5DD27BBE55}.Release|Any CPU.Build.0 = Release|Any CPU
		{9067C813-0F1F-4285-ACE1-A87F6B60B439}.Debug|Any CPU.ActiveCfg = Debug|Any CPU
		{9067C813-0F1F-4285-ACE1-A87F6B60B439}.Debug|Any CPU.Build.0 = Debug|Any CPU
		{9067C813-0F1F-4285-ACE1-A87F6B60B439}.Release|Any CPU.ActiveCfg = Release|Any CPU
		{9067C813-0F1F-4285-ACE1-A87F6B60B439}.Release|Any CPU.Build.0 = Release|Any CPU
		{14BFD9E7-7CCC-4F1A-82BD-B632E44DB11C}.Debug|Any CPU.ActiveCfg = Debug|Any CPU
		{14BFD9E7-7CCC-4F1A-82BD-B632E44DB11C}.Debug|Any CPU.Build.0 = Debug|Any CPU
		{14BFD9E7-7CCC-4F1A-82BD-B632E44DB11C}.Release|Any CPU.ActiveCfg = Release|Any CPU
		{14BFD9E7-7CCC-4F1A-82BD-B632E44DB11C}.Release|Any CPU.Build.0 = Release|Any CPU
		{F1542F8D-38DE-49E0-A69C-BE80C07BF978}.Debug|Any CPU.ActiveCfg = Debug|Any CPU
		{F1542F8D-38DE-49E0-A69C-BE80C07BF978}.Debug|Any CPU.Build.0 = Debug|Any CPU
		{F1542F8D-38DE-49E0-A69C-BE80C07BF978}.Release|Any CPU.ActiveCfg = Release|Any CPU
		{F1542F8D-38DE-49E0-A69C-BE80C07BF978}.Release|Any CPU.Build.0 = Release|Any CPU
		{5B94EF9A-9B0A-4F7F-9AC3-003ACA3E1C8B}.Debug|Any CPU.ActiveCfg = Debug|Any CPU
		{5B94EF9A-9B0A-4F7F-9AC3-003ACA3E1C8B}.Debug|Any CPU.Build.0 = Debug|Any CPU
		{5B94EF9A-9B0A-4F7F-9AC3-003ACA3E1C8B}.Release|Any CPU.ActiveCfg = Release|Any CPU
		{5B94EF9A-9B0A-4F7F-9AC3-003ACA3E1C8B}.Release|Any CPU.Build.0 = Release|Any CPU
		{5ADC32DC-C4E6-475E-900E-80ED406A812B}.Debug|Any CPU.ActiveCfg = Debug|Any CPU
		{5ADC32DC-C4E6-475E-900E-80ED406A812B}.Debug|Any CPU.Build.0 = Debug|Any CPU
		{5ADC32DC-C4E6-475E-900E-80ED406A812B}.Release|Any CPU.ActiveCfg = Release|Any CPU
		{5ADC32DC-C4E6-475E-900E-80ED406A812B}.Release|Any CPU.Build.0 = Release|Any CPU
		{8CE37418-8760-4A24-BE68-7CCDCA897D87}.Debug|Any CPU.ActiveCfg = Debug|Any CPU
		{8CE37418-8760-4A24-BE68-7CCDCA897D87}.Debug|Any CPU.Build.0 = Debug|Any CPU
		{8CE37418-8760-4A24-BE68-7CCDCA897D87}.Release|Any CPU.ActiveCfg = Release|Any CPU
		{8CE37418-8760-4A24-BE68-7CCDCA897D87}.Release|Any CPU.Build.0 = Release|Any CPU
		{96283FCD-C93A-4195-B5A9-1FF290D864D4}.Debug|Any CPU.ActiveCfg = Debug|Any CPU
		{96283FCD-C93A-4195-B5A9-1FF290D864D4}.Debug|Any CPU.Build.0 = Debug|Any CPU
		{96283FCD-C93A-4195-B5A9-1FF290D864D4}.Release|Any CPU.ActiveCfg = Release|Any CPU
		{96283FCD-C93A-4195-B5A9-1FF290D864D4}.Release|Any CPU.Build.0 = Release|Any CPU
		{A56E8DB8-0872-49CB-AAFD-A23968C398DE}.Debug|Any CPU.ActiveCfg = Debug|Any CPU
		{A56E8DB8-0872-49CB-AAFD-A23968C398DE}.Debug|Any CPU.Build.0 = Debug|Any CPU
		{A56E8DB8-0872-49CB-AAFD-A23968C398DE}.Release|Any CPU.ActiveCfg = Release|Any CPU
		{A56E8DB8-0872-49CB-AAFD-A23968C398DE}.Release|Any CPU.Build.0 = Release|Any CPU
		{707A6892-C75F-482C-A9DC-5B89008737A3}.Debug|Any CPU.ActiveCfg = Debug|Any CPU
		{707A6892-C75F-482C-A9DC-5B89008737A3}.Debug|Any CPU.Build.0 = Debug|Any CPU
		{707A6892-C75F-482C-A9DC-5B89008737A3}.Release|Any CPU.ActiveCfg = Release|Any CPU
		{707A6892-C75F-482C-A9DC-5B89008737A3}.Release|Any CPU.Build.0 = Release|Any CPU
		{D4919FC9-84EF-4DB7-81B2-53521821B3C3}.Debug|Any CPU.ActiveCfg = Debug|Any CPU
		{D4919FC9-84EF-4DB7-81B2-53521821B3C3}.Debug|Any CPU.Build.0 = Debug|Any CPU
		{D4919FC9-84EF-4DB7-81B2-53521821B3C3}.Release|Any CPU.ActiveCfg = Release|Any CPU
		{D4919FC9-84EF-4DB7-81B2-53521821B3C3}.Release|Any CPU.Build.0 = Release|Any CPU
		{9DF4B4D5-9306-4787-AACD-B8A318C788BB}.Debug|Any CPU.ActiveCfg = Debug|Any CPU
		{9DF4B4D5-9306-4787-AACD-B8A318C788BB}.Debug|Any CPU.Build.0 = Debug|Any CPU
		{9DF4B4D5-9306-4787-AACD-B8A318C788BB}.Release|Any CPU.ActiveCfg = Release|Any CPU
		{9DF4B4D5-9306-4787-AACD-B8A318C788BB}.Release|Any CPU.Build.0 = Release|Any CPU
		{D1A6A2D7-B65B-4F01-BACE-9E8B5A11F949}.Debug|Any CPU.ActiveCfg = Debug|Any CPU
		{D1A6A2D7-B65B-4F01-BACE-9E8B5A11F949}.Debug|Any CPU.Build.0 = Debug|Any CPU
		{D1A6A2D7-B65B-4F01-BACE-9E8B5A11F949}.Release|Any CPU.ActiveCfg = Release|Any CPU
		{D1A6A2D7-B65B-4F01-BACE-9E8B5A11F949}.Release|Any CPU.Build.0 = Release|Any CPU
		{988896AE-1760-41AE-8DF7-C9336E428A4B}.Debug|Any CPU.ActiveCfg = Debug|Any CPU
		{988896AE-1760-41AE-8DF7-C9336E428A4B}.Debug|Any CPU.Build.0 = Debug|Any CPU
		{988896AE-1760-41AE-8DF7-C9336E428A4B}.Release|Any CPU.ActiveCfg = Release|Any CPU
		{988896AE-1760-41AE-8DF7-C9336E428A4B}.Release|Any CPU.Build.0 = Release|Any CPU
		{98F94531-2517-4084-B2A8-9402251D5413}.Debug|Any CPU.ActiveCfg = Debug|Any CPU
		{98F94531-2517-4084-B2A8-9402251D5413}.Debug|Any CPU.Build.0 = Debug|Any CPU
		{98F94531-2517-4084-B2A8-9402251D5413}.Release|Any CPU.ActiveCfg = Release|Any CPU
		{98F94531-2517-4084-B2A8-9402251D5413}.Release|Any CPU.Build.0 = Release|Any CPU
		{130D0617-F339-41DD-AF57-E014C8D6A978}.Debug|Any CPU.ActiveCfg = Debug|Any CPU
		{130D0617-F339-41DD-AF57-E014C8D6A978}.Debug|Any CPU.Build.0 = Debug|Any CPU
		{130D0617-F339-41DD-AF57-E014C8D6A978}.Release|Any CPU.ActiveCfg = Release|Any CPU
		{130D0617-F339-41DD-AF57-E014C8D6A978}.Release|Any CPU.Build.0 = Release|Any CPU
		{6216E646-96F6-4DBB-8794-2DBB889C17DC}.Debug|Any CPU.ActiveCfg = Debug|Any CPU
		{6216E646-96F6-4DBB-8794-2DBB889C17DC}.Debug|Any CPU.Build.0 = Debug|Any CPU
		{6216E646-96F6-4DBB-8794-2DBB889C17DC}.Release|Any CPU.ActiveCfg = Release|Any CPU
		{6216E646-96F6-4DBB-8794-2DBB889C17DC}.Release|Any CPU.Build.0 = Release|Any CPU
		{AF36548D-F5AD-46BF-8B69-C9F7C46D03DC}.Debug|Any CPU.ActiveCfg = Debug|Any CPU
		{AF36548D-F5AD-46BF-8B69-C9F7C46D03DC}.Debug|Any CPU.Build.0 = Debug|Any CPU
		{AF36548D-F5AD-46BF-8B69-C9F7C46D03DC}.Release|Any CPU.ActiveCfg = Release|Any CPU
		{AF36548D-F5AD-46BF-8B69-C9F7C46D03DC}.Release|Any CPU.Build.0 = Release|Any CPU
	EndGlobalSection
	GlobalSection(SolutionProperties) = preSolution
		HideSolutionNode = FALSE
	EndGlobalSection
	GlobalSection(NestedProjects) = preSolution
		{E0E43F1D-64ED-40E4-A224-2417573C7D5D} = {BDCBC069-5E4B-4A08-89BD-EBC3C92E6609}
		{2FB74527-D28E-467D-AB07-9DA4B79A83A7} = {E0E43F1D-64ED-40E4-A224-2417573C7D5D}
		{AF5CAA0A-732B-450B-8B30-6C5DD27BBE55} = {E0E43F1D-64ED-40E4-A224-2417573C7D5D}
		{9067C813-0F1F-4285-ACE1-A87F6B60B439} = {E0E43F1D-64ED-40E4-A224-2417573C7D5D}
		{14BFD9E7-7CCC-4F1A-82BD-B632E44DB11C} = {E0E43F1D-64ED-40E4-A224-2417573C7D5D}
		{C60F5006-09F5-4BAB-BAF0-2BDF6FE843F3} = {BDCBC069-5E4B-4A08-89BD-EBC3C92E6609}
		{F1542F8D-38DE-49E0-A69C-BE80C07BF978} = {C60F5006-09F5-4BAB-BAF0-2BDF6FE843F3}
		{5B94EF9A-9B0A-4F7F-9AC3-003ACA3E1C8B} = {C60F5006-09F5-4BAB-BAF0-2BDF6FE843F3}
		{5ADC32DC-C4E6-475E-900E-80ED406A812B} = {C60F5006-09F5-4BAB-BAF0-2BDF6FE843F3}
		{8CE37418-8760-4A24-BE68-7CCDCA897D87} = {C60F5006-09F5-4BAB-BAF0-2BDF6FE843F3}
		{96283FCD-C93A-4195-B5A9-1FF290D864D4} = {C60F5006-09F5-4BAB-BAF0-2BDF6FE843F3}
		{F3DA2818-C14C-4D32-AD42-846922031B88} = {BDCBC069-5E4B-4A08-89BD-EBC3C92E6609}
		{A56E8DB8-0872-49CB-AAFD-A23968C398DE} = {F3DA2818-C14C-4D32-AD42-846922031B88}
		{707A6892-C75F-482C-A9DC-5B89008737A3} = {F3DA2818-C14C-4D32-AD42-846922031B88}
		{D4919FC9-84EF-4DB7-81B2-53521821B3C3} = {F3DA2818-C14C-4D32-AD42-846922031B88}
		{82010943-A646-46B7-958F-2919FE0CCA68} = {BDCBC069-5E4B-4A08-89BD-EBC3C92E6609}
		{9DF4B4D5-9306-4787-AACD-B8A318C788BB} = {82010943-A646-46B7-958F-2919FE0CCA68}
		{D1A6A2D7-B65B-4F01-BACE-9E8B5A11F949} = {82010943-A646-46B7-958F-2919FE0CCA68}
		{988896AE-1760-41AE-8DF7-C9336E428A4B} = {82010943-A646-46B7-958F-2919FE0CCA68}
		{5E9AB65E-AFA0-4482-AB99-4DC3681BAC61} = {BDCBC069-5E4B-4A08-89BD-EBC3C92E6609}
		{98F94531-2517-4084-B2A8-9402251D5413} = {5E9AB65E-AFA0-4482-AB99-4DC3681BAC61}
		{130D0617-F339-41DD-AF57-E014C8D6A978} = {5E9AB65E-AFA0-4482-AB99-4DC3681BAC61}
		{6216E646-96F6-4DBB-8794-2DBB889C17DC} = {5E9AB65E-AFA0-4482-AB99-4DC3681BAC61}
		{AF36548D-F5AD-46BF-8B69-C9F7C46D03DC} = {5E9AB65E-AFA0-4482-AB99-4DC3681BAC61}
	EndGlobalSection
	GlobalSection(ExtensibilityGlobals) = postSolution
		SolutionGuid = {BC8B0949-B938-4211-BC09-519742DE653A}
	EndGlobalSection
EndGlobal
